PODS:
  - KalturaPlayerSDK (2.4.1):
    - KalturaPlayerSDK/Core (= 2.4.1)
    - KalturaPlayerSDK/Widevine (= 2.4.1)
  - KalturaPlayerSDK/Core (2.4.1)
  - KalturaPlayerSDK/Widevine (2.4.1)

DEPENDENCIES:
  - KalturaPlayerSDK

SPEC CHECKSUMS:
  KalturaPlayerSDK: f4606564f7e3f40cf364869ceeacdddb1569f2d6

PODFILE CHECKSUM: 6161295d6d864acff45e8eace3481840337af08a

COCOAPODS: 1.0.1
