PODS:
  - KalturaPlayerSDK (2.4.2-dev):
    - KalturaPlayerSDK/Core (= 2.4.2-dev)
    - KalturaPlayerSDK/Widevine (= 2.4.2-dev)
  - KalturaPlayerSDK/Core (2.4.2-dev)
  - KalturaPlayerSDK/Widevine (2.4.2-dev)

DEPENDENCIES:
  - KalturaPlayerSDK (from `../../player-sdk-native-ios`)

EXTERNAL SOURCES:
  KalturaPlayerSDK:
    :path: ../../player-sdk-native-ios

SPEC CHECKSUMS:
  KalturaPlayerSDK: b04af796fb537e50244712b5685ef58ec19e4abb

PODFILE CHECKSUM: 602c6835673b7b914fce9795d00b8b2abf27ed06

COCOAPODS: 1.0.1
