// !$*UTF8*$!
{
	archiveVersion = 1;
	classes = {
	};
	objectVersion = 46;
	objects = {

/* Begin PBXBuildFile section */
		5F2292E51C271A0800A3CB8D /* 0_5zfjxyk3_0_ek1xeib2_2.mp4 in Resources */ = {isa = PBXBuildFile; fileRef = 5F2292E41C271A0800A3CB8D /* 0_5zfjxyk3_0_ek1xeib2_2.mp4 */; };
		5F60F1FD1C2722200079D752 /* KALTURAPlayerSDKResources.bundle in Resources */ = {isa = PBXBuildFile; fileRef = BFDBD6D81C1591DC00DC3629 /* KALTURAPlayerSDKResources.bundle */; };
		5F64F4C61C30085F00BF6642 /* KPTAudioSelect.m in Sources */ = {isa = PBXBuildFile; fileRef = 5F64F4C51C30085F00BF6642 /* KPTAudioSelect.m */; };
		5F64F4CB1C300BDB00BF6642 /* KPTAudioPlayerViewController.m in Sources */ = {isa = PBXBuildFile; fileRef = 5F64F4CA1C300BDB00BF6642 /* KPTAudioPlayerViewController.m */; };
		5F64F4CE1C3020FF00BF6642 /* KPTRequestBuilder.m in Sources */ = {isa = PBXBuildFile; fileRef = 5F64F4CD1C3020FF00BF6642 /* KPTRequestBuilder.m */; };
		5FF325091C318A32003446A1 /* KPTAudioPlayerViewController.m in Sources */ = {isa = PBXBuildFile; fileRef = 5FF325041C318A32003446A1 /* KPTAudioPlayerViewController.m */; };
		5FF3250A1C318A32003446A1 /* KPTAudioSelect.m in Sources */ = {isa = PBXBuildFile; fileRef = 5FF325061C318A32003446A1 /* KPTAudioSelect.m */; };
		5FF3250B1C318A32003446A1 /* KPTRequestBuilder.m in Sources */ = {isa = PBXBuildFile; fileRef = 5FF325081C318A32003446A1 /* KPTRequestBuilder.m */; };
		B30D92861AF38BC000CCCC30 /* MediaPlayer.framework in Frameworks */ = {isa = PBXBuildFile; fileRef = B30D92851AF38BC000CCCC30 /* MediaPlayer.framework */; };
		B31D104C1BB0087D00D3955B /* StoreKit.framework in Frameworks */ = {isa = PBXBuildFile; fileRef = B31D104B1BB0087D00D3955B /* StoreKit.framework */; };
		B3248E3D1BCAA010005A7C2F /* GoogleInteractiveMediaAds.framework in Frameworks */ = {isa = PBXBuildFile; fileRef = B37A34DB1B87158C000408C9 /* GoogleInteractiveMediaAds.framework */; };
		B3248E411BCAA153005A7C2F /* libc++.tbd in Frameworks */ = {isa = PBXBuildFile; fileRef = B3248E401BCAA153005A7C2F /* libc++.tbd */; };
		B3248E431BCAA284005A7C2F /* libxml2.tbd in Frameworks */ = {isa = PBXBuildFile; fileRef = B3248E421BCAA284005A7C2F /* libxml2.tbd */; };
		B3248E451BCAA29B005A7C2F /* libresolv.tbd in Frameworks */ = {isa = PBXBuildFile; fileRef = B3248E441BCAA29B005A7C2F /* libresolv.tbd */; };
		B3248E471BCAA2AB005A7C2F /* libSystem.tbd in Frameworks */ = {isa = PBXBuildFile; fileRef = B3248E461BCAA2AB005A7C2F /* libSystem.tbd */; };
		B3248E491BCAA2B7005A7C2F /* libz.tbd in Frameworks */ = {isa = PBXBuildFile; fileRef = B3248E481BCAA2B7005A7C2F /* libz.tbd */; };
		B3410D3C1A6C10D700275F00 /* AudioToolbox.framework in Frameworks */ = {isa = PBXBuildFile; fileRef = B3410D3B1A6C10D700275F00 /* AudioToolbox.framework */; };
		B3410D3E1A6C10EB00275F00 /* AVFoundation.framework in Frameworks */ = {isa = PBXBuildFile; fileRef = B3410D3D1A6C10EB00275F00 /* AVFoundation.framework */; };
		B3410D401A6C10FA00275F00 /* CoreFoundation.framework in Frameworks */ = {isa = PBXBuildFile; fileRef = B3410D3F1A6C10FA00275F00 /* CoreFoundation.framework */; };
		B3410D441A6C113000275F00 /* QuartzCore.framework in Frameworks */ = {isa = PBXBuildFile; fileRef = B3410D431A6C113000275F00 /* QuartzCore.framework */; };
		B3410D461A6C114400275F00 /* SystemConfiguration.framework in Frameworks */ = {isa = PBXBuildFile; fileRef = B3410D451A6C114400275F00 /* SystemConfiguration.framework */; };
		B3410D9E1A7123F600275F00 /* KalturaPlayerToolkit_Tests.m in Sources */ = {isa = PBXBuildFile; fileRef = B3410D9D1A7123F600275F00 /* KalturaPlayerToolkit_Tests.m */; };
		B356290C1B846FBC00BBFBF8 /* CoreMedia.framework in Frameworks */ = {isa = PBXBuildFile; fileRef = B3410D411A6C111300275F00 /* CoreMedia.framework */; };
		B37A34D81B871579000408C9 /* GoogleMobileAds.framework in Frameworks */ = {isa = PBXBuildFile; fileRef = B37A34D71B871579000408C9 /* GoogleMobileAds.framework */; };
		B37A34DE1B8715E5000408C9 /* CoreTelephony.framework in Frameworks */ = {isa = PBXBuildFile; fileRef = B37A34DD1B8715E5000408C9 /* CoreTelephony.framework */; };
		B37A34E11B8715F8000408C9 /* EventKit.framework in Frameworks */ = {isa = PBXBuildFile; fileRef = B37A34DF1B8715F8000408C9 /* EventKit.framework */; };
		B37A34E21B8715F8000408C9 /* EventKitUI.framework in Frameworks */ = {isa = PBXBuildFile; fileRef = B37A34E01B8715F8000408C9 /* EventKitUI.framework */; };
		B39BEC7F1A0A7F890085BA26 /* Social.framework in Frameworks */ = {isa = PBXBuildFile; fileRef = B39BEC7E1A0A7F890085BA26 /* Social.framework */; };
		B39BEC911A0B77A90085BA26 /* MessageUI.framework in Frameworks */ = {isa = PBXBuildFile; fileRef = B39BEC901A0B77A90085BA26 /* MessageUI.framework */; };
		B3CECC2E1BCAC07C00C7043D /* GoogleCast.framework in Frameworks */ = {isa = PBXBuildFile; fileRef = B3CECC2D1BCAC07C00C7043D /* GoogleCast.framework */; };
		B3FA59601B32BD55006FABEC /* AdSupport.framework in Frameworks */ = {isa = PBXBuildFile; fileRef = B39393201A2C59DD00B32686 /* AdSupport.framework */; };
		BF299EA31989602500474BE5 /* CoreGraphics.framework in Frameworks */ = {isa = PBXBuildFile; fileRef = BF299EA21989602500474BE5 /* CoreGraphics.framework */; };
		BF299EA51989602500474BE5 /* UIKit.framework in Frameworks */ = {isa = PBXBuildFile; fileRef = BF299EA41989602500474BE5 /* UIKit.framework */; };
		BF299EAB1989602500474BE5 /* InfoPlist.strings in Resources */ = {isa = PBXBuildFile; fileRef = BF299EA91989602500474BE5 /* InfoPlist.strings */; };
		BF299EAD1989602500474BE5 /* main.m in Sources */ = {isa = PBXBuildFile; fileRef = BF299EAC1989602500474BE5 /* main.m */; };
		BF299EB11989602500474BE5 /* KPTAppDelegate.m in Sources */ = {isa = PBXBuildFile; fileRef = BF299EB01989602500474BE5 /* KPTAppDelegate.m */; };
		BF299EB41989602500474BE5 /* Main_iPhone.storyboard in Resources */ = {isa = PBXBuildFile; fileRef = BF299EB21989602500474BE5 /* Main_iPhone.storyboard */; };
		BF299EB71989602500474BE5 /* Main_iPad.storyboard in Resources */ = {isa = PBXBuildFile; fileRef = BF299EB51989602500474BE5 /* Main_iPad.storyboard */; };
		BF299EBA1989602500474BE5 /* KPTViewController.m in Sources */ = {isa = PBXBuildFile; fileRef = BF299EB91989602500474BE5 /* KPTViewController.m */; };
		BF299EBC1989602500474BE5 /* Images.xcassets in Resources */ = {isa = PBXBuildFile; fileRef = BF299EBB1989602500474BE5 /* Images.xcassets */; };
		BF4FEEA51BEB955D00E9033C /* Foundation.framework in Frameworks */ = {isa = PBXBuildFile; fileRef = BF299EA01989602500474BE5 /* Foundation.framework */; };
		BF4FEEA61BEB96B700E9033C /* WebKit.framework in Frameworks */ = {isa = PBXBuildFile; fileRef = B32A5CE81A27219E0051DC7F /* WebKit.framework */; settings = {ATTRIBUTES = (Weak, ); }; };
		BFC574AE19980ED8000511B8 /* KPTURLEnterViewController.m in Sources */ = {isa = PBXBuildFile; fileRef = BFC574AD19980ED8000511B8 /* KPTURLEnterViewController.m */; };
		BFDBD6DB1C1591F000DC3629 /* libKALTURAPlayerSDK.a in Frameworks */ = {isa = PBXBuildFile; fileRef = BFDBD6D61C1591DC00DC3629 /* libKALTURAPlayerSDK.a */; };
		BFDF5FD919B33FF600C9F9AC /* MediaAccessibility.framework in Frameworks */ = {isa = PBXBuildFile; fileRef = BFDF5FD819B33FF600C9F9AC /* MediaAccessibility.framework */; };
		BFEA7A1019C6280A00684FC6 /* bg-568h@2x~iphone.png in Resources */ = {isa = PBXBuildFile; fileRef = BFEA7A0819C6280A00684FC6 /* bg-568h@2x~iphone.png */; };
		BFEA7A1419C6280A00684FC6 /* bg-Portrait@2x~ipad.png in Resources */ = {isa = PBXBuildFile; fileRef = BFEA7A0C19C6280A00684FC6 /* bg-Portrait@2x~ipad.png */; };
		BFEA7A1519C6280A00684FC6 /* bg-Portrait~ipad.png in Resources */ = {isa = PBXBuildFile; fileRef = BFEA7A0D19C6280A00684FC6 /* bg-Portrait~ipad.png */; };
		BFEA7A1619C6280A00684FC6 /* bg@2x~iphone.png in Resources */ = {isa = PBXBuildFile; fileRef = BFEA7A0E19C6280A00684FC6 /* bg@2x~iphone.png */; };
		BFEA7A1719C6280A00684FC6 /* bg~iphone.png in Resources */ = {isa = PBXBuildFile; fileRef = BFEA7A0F19C6280A00684FC6 /* bg~iphone.png */; };
		BFEA7A1B19C6291900684FC6 /* logo.png in Resources */ = {isa = PBXBuildFile; fileRef = BFEA7A1A19C6291900684FC6 /* logo.png */; };
		BFEA7A2119C6CFEF00684FC6 /* demo_button.png in Resources */ = {isa = PBXBuildFile; fileRef = BFEA7A1E19C6CFEF00684FC6 /* demo_button.png */; };
		BFEA7A2219C6CFEF00684FC6 /* demo_button@2x.png in Resources */ = {isa = PBXBuildFile; fileRef = BFEA7A1F19C6CFEF00684FC6 /* demo_button@2x.png */; };
		BFEA7A2319C6CFEF00684FC6 /* logo@2x.png in Resources */ = {isa = PBXBuildFile; fileRef = BFEA7A2019C6CFEF00684FC6 /* logo@2x.png */; };
/* End PBXBuildFile section */

/* Begin PBXContainerItemProxy section */
		5F2292EA1C271B8300A3CB8D /* PBXContainerItemProxy */ = {
			isa = PBXContainerItemProxy;
			containerPortal = BFDBD6CE1C1591DC00DC3629 /* KALTURAPlayerSDK.xcodeproj */;
			proxyType = 1;
			remoteGlobalIDString = B372892D1A8787D00076DD33;
			remoteInfo = KALTURAPlayerSDKResources;
		};
		B3410D9F1A7123F600275F00 /* PBXContainerItemProxy */ = {
			isa = PBXContainerItemProxy;
			containerPortal = BF299E951989602400474BE5 /* Project object */;
			proxyType = 1;
			remoteGlobalIDString = BF299E9C1989602500474BE5;
			remoteInfo = KalturaPlayerToolkit;
		};
		BFDBD6D51C1591DC00DC3629 /* PBXContainerItemProxy */ = {
			isa = PBXContainerItemProxy;
			containerPortal = BFDBD6CE1C1591DC00DC3629 /* KALTURAPlayerSDK.xcodeproj */;
			proxyType = 2;
			remoteGlobalIDString = BFFFA727182F9E31005B3B24;
			remoteInfo = KALTURAPlayerSDK;
		};
		BFDBD6D71C1591DC00DC3629 /* PBXContainerItemProxy */ = {
			isa = PBXContainerItemProxy;
			containerPortal = BFDBD6CE1C1591DC00DC3629 /* KALTURAPlayerSDK.xcodeproj */;
			proxyType = 2;
			remoteGlobalIDString = B372892E1A8787D00076DD33;
			remoteInfo = KALTURAPlayerSDKResources;
		};
		BFDBD6D91C1591E900DC3629 /* PBXContainerItemProxy */ = {
			isa = PBXContainerItemProxy;
			containerPortal = BFDBD6CE1C1591DC00DC3629 /* KALTURAPlayerSDK.xcodeproj */;
			proxyType = 1;
			remoteGlobalIDString = BFFFA726182F9E31005B3B24;
			remoteInfo = KALTURAPlayerSDK;
		};
/* End PBXContainerItemProxy section */

/* Begin PBXFileReference section */
		5F2292E41C271A0800A3CB8D /* 0_5zfjxyk3_0_ek1xeib2_2.mp4 */ = {isa = PBXFileReference; lastKnownFileType = file; path = 0_5zfjxyk3_0_ek1xeib2_2.mp4; sourceTree = "<group>"; };
		5F64F4C41C30085F00BF6642 /* KPTAudioSelect.h */ = {isa = PBXFileReference; fileEncoding = 4; lastKnownFileType = sourcecode.c.h; path = KPTAudioSelect.h; sourceTree = "<group>"; };
		5F64F4C51C30085F00BF6642 /* KPTAudioSelect.m */ = {isa = PBXFileReference; fileEncoding = 4; lastKnownFileType = sourcecode.c.objc; path = KPTAudioSelect.m; sourceTree = "<group>"; };
		5F64F4C91C300BDB00BF6642 /* KPTAudioPlayerViewController.h */ = {isa = PBXFileReference; fileEncoding = 4; lastKnownFileType = sourcecode.c.h; path = KPTAudioPlayerViewController.h; sourceTree = "<group>"; };
		5F64F4CA1C300BDB00BF6642 /* KPTAudioPlayerViewController.m */ = {isa = PBXFileReference; fileEncoding = 4; lastKnownFileType = sourcecode.c.objc; path = KPTAudioPlayerViewController.m; sourceTree = "<group>"; };
		5F64F4CC1C3020FF00BF6642 /* KPTRequestBuilder.h */ = {isa = PBXFileReference; fileEncoding = 4; lastKnownFileType = sourcecode.c.h; path = KPTRequestBuilder.h; sourceTree = "<group>"; };
		5F64F4CD1C3020FF00BF6642 /* KPTRequestBuilder.m */ = {isa = PBXFileReference; fileEncoding = 4; lastKnownFileType = sourcecode.c.objc; path = KPTRequestBuilder.m; sourceTree = "<group>"; };
		5FF325031C318A32003446A1 /* KPTAudioPlayerViewController.h */ = {isa = PBXFileReference; fileEncoding = 4; lastKnownFileType = sourcecode.c.h; name = KPTAudioPlayerViewController.h; path = ../../../soundSHELL/BarcodeScanner/KPTAudioPlayerViewController.h; sourceTree = "<group>"; };
		5FF325041C318A32003446A1 /* KPTAudioPlayerViewController.m */ = {isa = PBXFileReference; fileEncoding = 4; lastKnownFileType = sourcecode.c.objc; name = KPTAudioPlayerViewController.m; path = ../../../soundSHELL/BarcodeScanner/KPTAudioPlayerViewController.m; sourceTree = "<group>"; };
		5FF325051C318A32003446A1 /* KPTAudioSelect.h */ = {isa = PBXFileReference; fileEncoding = 4; lastKnownFileType = sourcecode.c.h; name = KPTAudioSelect.h; path = ../../../soundSHELL/BarcodeScanner/KPTAudioSelect.h; sourceTree = "<group>"; };
		5FF325061C318A32003446A1 /* KPTAudioSelect.m */ = {isa = PBXFileReference; fileEncoding = 4; lastKnownFileType = sourcecode.c.objc; name = KPTAudioSelect.m; path = ../../../soundSHELL/BarcodeScanner/KPTAudioSelect.m; sourceTree = "<group>"; };
		5FF325071C318A32003446A1 /* KPTRequestBuilder.h */ = {isa = PBXFileReference; fileEncoding = 4; lastKnownFileType = sourcecode.c.h; name = KPTRequestBuilder.h; path = ../../../soundSHELL/BarcodeScanner/KPTRequestBuilder.h; sourceTree = "<group>"; };
		5FF325081C318A32003446A1 /* KPTRequestBuilder.m */ = {isa = PBXFileReference; fileEncoding = 4; lastKnownFileType = sourcecode.c.objc; name = KPTRequestBuilder.m; path = ../../../soundSHELL/BarcodeScanner/KPTRequestBuilder.m; sourceTree = "<group>"; };
		B30D92851AF38BC000CCCC30 /* MediaPlayer.framework */ = {isa = PBXFileReference; lastKnownFileType = wrapper.framework; name = MediaPlayer.framework; path = System/Library/Frameworks/MediaPlayer.framework; sourceTree = SDKROOT; };
		B31D104B1BB0087D00D3955B /* StoreKit.framework */ = {isa = PBXFileReference; lastKnownFileType = wrapper.framework; name = StoreKit.framework; path = System/Library/Frameworks/StoreKit.framework; sourceTree = SDKROOT; };
		B3248E3E1BCAA04C005A7C2F /* KalturaPlayerToolkit.entitlements */ = {isa = PBXFileReference; lastKnownFileType = text.xml; path = KalturaPlayerToolkit.entitlements; sourceTree = "<group>"; };
		B3248E401BCAA153005A7C2F /* libc++.tbd */ = {isa = PBXFileReference; lastKnownFileType = "sourcecode.text-based-dylib-definition"; name = "libc++.tbd"; path = "usr/lib/libc++.tbd"; sourceTree = SDKROOT; };
		B3248E421BCAA284005A7C2F /* libxml2.tbd */ = {isa = PBXFileReference; lastKnownFileType = "sourcecode.text-based-dylib-definition"; name = libxml2.tbd; path = usr/lib/libxml2.tbd; sourceTree = SDKROOT; };
		B3248E441BCAA29B005A7C2F /* libresolv.tbd */ = {isa = PBXFileReference; lastKnownFileType = "sourcecode.text-based-dylib-definition"; name = libresolv.tbd; path = usr/lib/libresolv.tbd; sourceTree = SDKROOT; };
		B3248E461BCAA2AB005A7C2F /* libSystem.tbd */ = {isa = PBXFileReference; lastKnownFileType = "sourcecode.text-based-dylib-definition"; name = libSystem.tbd; path = usr/lib/libSystem.tbd; sourceTree = SDKROOT; };
		B3248E481BCAA2B7005A7C2F /* libz.tbd */ = {isa = PBXFileReference; lastKnownFileType = "sourcecode.text-based-dylib-definition"; name = libz.tbd; path = usr/lib/libz.tbd; sourceTree = SDKROOT; };
		B32A5CE81A27219E0051DC7F /* WebKit.framework */ = {isa = PBXFileReference; lastKnownFileType = wrapper.framework; name = WebKit.framework; path = System/Library/Frameworks/WebKit.framework; sourceTree = SDKROOT; };
		B3301D591AB6F07000E9778C /* GoogleCast.framework */ = {isa = PBXFileReference; lastKnownFileType = wrapper.framework; name = GoogleCast.framework; path = "../../player-sdk-native-ios/PlayerSDK/GoogleCast.framework"; sourceTree = "<group>"; };
		B338C60E1B846F4C00407F92 /* MobileCoreServices.framework */ = {isa = PBXFileReference; lastKnownFileType = wrapper.framework; name = MobileCoreServices.framework; path = System/Library/Frameworks/MobileCoreServices.framework; sourceTree = SDKROOT; };
		B3410D261A6C0E7900275F00 /* CFNetwork.framework */ = {isa = PBXFileReference; lastKnownFileType = wrapper.framework; name = CFNetwork.framework; path = System/Library/Frameworks/CFNetwork.framework; sourceTree = SDKROOT; };
		B3410D3B1A6C10D700275F00 /* AudioToolbox.framework */ = {isa = PBXFileReference; lastKnownFileType = wrapper.framework; name = AudioToolbox.framework; path = System/Library/Frameworks/AudioToolbox.framework; sourceTree = SDKROOT; };
		B3410D3D1A6C10EB00275F00 /* AVFoundation.framework */ = {isa = PBXFileReference; lastKnownFileType = wrapper.framework; name = AVFoundation.framework; path = System/Library/Frameworks/AVFoundation.framework; sourceTree = SDKROOT; };
		B3410D3F1A6C10FA00275F00 /* CoreFoundation.framework */ = {isa = PBXFileReference; lastKnownFileType = wrapper.framework; name = CoreFoundation.framework; path = System/Library/Frameworks/CoreFoundation.framework; sourceTree = SDKROOT; };
		B3410D411A6C111300275F00 /* CoreMedia.framework */ = {isa = PBXFileReference; lastKnownFileType = wrapper.framework; name = CoreMedia.framework; path = System/Library/Frameworks/CoreMedia.framework; sourceTree = SDKROOT; };
		B3410D431A6C113000275F00 /* QuartzCore.framework */ = {isa = PBXFileReference; lastKnownFileType = wrapper.framework; name = QuartzCore.framework; path = System/Library/Frameworks/QuartzCore.framework; sourceTree = SDKROOT; };
		B3410D451A6C114400275F00 /* SystemConfiguration.framework */ = {isa = PBXFileReference; lastKnownFileType = wrapper.framework; name = SystemConfiguration.framework; path = System/Library/Frameworks/SystemConfiguration.framework; sourceTree = SDKROOT; };
		B3410D991A7123F600275F00 /* KalturaPlayerToolkit Tests.xctest */ = {isa = PBXFileReference; explicitFileType = wrapper.cfbundle; includeInIndex = 0; path = "KalturaPlayerToolkit Tests.xctest"; sourceTree = BUILT_PRODUCTS_DIR; };
		B3410D9C1A7123F600275F00 /* Info.plist */ = {isa = PBXFileReference; lastKnownFileType = text.plist.xml; path = Info.plist; sourceTree = "<group>"; };
		B3410D9D1A7123F600275F00 /* KalturaPlayerToolkit_Tests.m */ = {isa = PBXFileReference; lastKnownFileType = sourcecode.c.objc; path = KalturaPlayerToolkit_Tests.m; sourceTree = "<group>"; };
		B372888E1A84DB340076DD33 /* CoreData.framework */ = {isa = PBXFileReference; lastKnownFileType = wrapper.framework; name = CoreData.framework; path = System/Library/Frameworks/CoreData.framework; sourceTree = SDKROOT; };
		B37A34D71B871579000408C9 /* GoogleMobileAds.framework */ = {isa = PBXFileReference; lastKnownFileType = wrapper.framework; path = GoogleMobileAds.framework; sourceTree = "<group>"; };
		B37A34DB1B87158C000408C9 /* GoogleInteractiveMediaAds.framework */ = {isa = PBXFileReference; lastKnownFileType = wrapper.framework; path = GoogleInteractiveMediaAds.framework; sourceTree = "<group>"; };
		B37A34DD1B8715E5000408C9 /* CoreTelephony.framework */ = {isa = PBXFileReference; lastKnownFileType = wrapper.framework; name = CoreTelephony.framework; path = System/Library/Frameworks/CoreTelephony.framework; sourceTree = SDKROOT; };
		B37A34DF1B8715F8000408C9 /* EventKit.framework */ = {isa = PBXFileReference; lastKnownFileType = wrapper.framework; name = EventKit.framework; path = System/Library/Frameworks/EventKit.framework; sourceTree = SDKROOT; };
		B37A34E01B8715F8000408C9 /* EventKitUI.framework */ = {isa = PBXFileReference; lastKnownFileType = wrapper.framework; name = EventKitUI.framework; path = System/Library/Frameworks/EventKitUI.framework; sourceTree = SDKROOT; };
		B39393201A2C59DD00B32686 /* AdSupport.framework */ = {isa = PBXFileReference; lastKnownFileType = wrapper.framework; name = AdSupport.framework; path = System/Library/Frameworks/AdSupport.framework; sourceTree = SDKROOT; };
		B39BEC7E1A0A7F890085BA26 /* Social.framework */ = {isa = PBXFileReference; lastKnownFileType = wrapper.framework; name = Social.framework; path = System/Library/Frameworks/Social.framework; sourceTree = SDKROOT; };
		B39BEC901A0B77A90085BA26 /* MessageUI.framework */ = {isa = PBXFileReference; lastKnownFileType = wrapper.framework; name = MessageUI.framework; path = System/Library/Frameworks/MessageUI.framework; sourceTree = SDKROOT; };
		B3CECC2D1BCAC07C00C7043D /* GoogleCast.framework */ = {isa = PBXFileReference; lastKnownFileType = wrapper.framework; path = GoogleCast.framework; sourceTree = "<group>"; };
		BF299E9D1989602500474BE5 /* KalturaPlayerToolkit.app */ = {isa = PBXFileReference; explicitFileType = wrapper.application; includeInIndex = 0; path = KalturaPlayerToolkit.app; sourceTree = BUILT_PRODUCTS_DIR; };
		BF299EA01989602500474BE5 /* Foundation.framework */ = {isa = PBXFileReference; lastKnownFileType = wrapper.framework; name = Foundation.framework; path = System/Library/Frameworks/Foundation.framework; sourceTree = SDKROOT; };
		BF299EA21989602500474BE5 /* CoreGraphics.framework */ = {isa = PBXFileReference; lastKnownFileType = wrapper.framework; name = CoreGraphics.framework; path = System/Library/Frameworks/CoreGraphics.framework; sourceTree = SDKROOT; };
		BF299EA41989602500474BE5 /* UIKit.framework */ = {isa = PBXFileReference; lastKnownFileType = wrapper.framework; name = UIKit.framework; path = System/Library/Frameworks/UIKit.framework; sourceTree = SDKROOT; };
		BF299EA81989602500474BE5 /* KalturaPlayerToolkit-Info.plist */ = {isa = PBXFileReference; lastKnownFileType = text.plist.xml; path = "KalturaPlayerToolkit-Info.plist"; sourceTree = "<group>"; };
		BF299EAA1989602500474BE5 /* en */ = {isa = PBXFileReference; lastKnownFileType = text.plist.strings; name = en; path = en.lproj/InfoPlist.strings; sourceTree = "<group>"; };
		BF299EAC1989602500474BE5 /* main.m */ = {isa = PBXFileReference; lastKnownFileType = sourcecode.c.objc; path = main.m; sourceTree = "<group>"; };
		BF299EAE1989602500474BE5 /* KalturaPlayerToolkit-Prefix.pch */ = {isa = PBXFileReference; lastKnownFileType = sourcecode.c.h; path = "KalturaPlayerToolkit-Prefix.pch"; sourceTree = "<group>"; };
		BF299EAF1989602500474BE5 /* KPTAppDelegate.h */ = {isa = PBXFileReference; lastKnownFileType = sourcecode.c.h; path = KPTAppDelegate.h; sourceTree = "<group>"; };
		BF299EB01989602500474BE5 /* KPTAppDelegate.m */ = {isa = PBXFileReference; lastKnownFileType = sourcecode.c.objc; path = KPTAppDelegate.m; sourceTree = "<group>"; };
		BF299EB31989602500474BE5 /* Base */ = {isa = PBXFileReference; lastKnownFileType = file.storyboard; name = Base; path = Base.lproj/Main_iPhone.storyboard; sourceTree = "<group>"; };
		BF299EB61989602500474BE5 /* Base */ = {isa = PBXFileReference; lastKnownFileType = file.storyboard; name = Base; path = Base.lproj/Main_iPad.storyboard; sourceTree = "<group>"; };
		BF299EB81989602500474BE5 /* KPTViewController.h */ = {isa = PBXFileReference; lastKnownFileType = sourcecode.c.h; path = KPTViewController.h; sourceTree = "<group>"; };
		BF299EB91989602500474BE5 /* KPTViewController.m */ = {isa = PBXFileReference; lastKnownFileType = sourcecode.c.objc; path = KPTViewController.m; sourceTree = "<group>"; };
		BF299EBB1989602500474BE5 /* Images.xcassets */ = {isa = PBXFileReference; lastKnownFileType = folder.assetcatalog; path = Images.xcassets; sourceTree = "<group>"; };
		BFC574AC19980ED8000511B8 /* KPTURLEnterViewController.h */ = {isa = PBXFileReference; fileEncoding = 4; lastKnownFileType = sourcecode.c.h; path = KPTURLEnterViewController.h; sourceTree = "<group>"; };
		BFC574AD19980ED8000511B8 /* KPTURLEnterViewController.m */ = {isa = PBXFileReference; fileEncoding = 4; lastKnownFileType = sourcecode.c.objc; path = KPTURLEnterViewController.m; sourceTree = "<group>"; };
		BFDBD6CE1C1591DC00DC3629 /* KALTURAPlayerSDK.xcodeproj */ = {isa = PBXFileReference; lastKnownFileType = "wrapper.pb-project"; name = KALTURAPlayerSDK.xcodeproj; path = "../../player-sdk-native-ios/KALTURAPlayerSDK.xcodeproj"; sourceTree = "<group>"; };
		BFDF5FD819B33FF600C9F9AC /* MediaAccessibility.framework */ = {isa = PBXFileReference; lastKnownFileType = wrapper.framework; name = MediaAccessibility.framework; path = System/Library/Frameworks/MediaAccessibility.framework; sourceTree = SDKROOT; };
		BFEA7A0819C6280A00684FC6 /* bg-568h@2x~iphone.png */ = {isa = PBXFileReference; lastKnownFileType = image.png; name = "bg-568h@2x~iphone.png"; path = "images/bg-568h@2x~iphone.png"; sourceTree = "<group>"; };
		BFEA7A0C19C6280A00684FC6 /* bg-Portrait@2x~ipad.png */ = {isa = PBXFileReference; lastKnownFileType = image.png; name = "bg-Portrait@2x~ipad.png"; path = "images/bg-Portrait@2x~ipad.png"; sourceTree = "<group>"; };
		BFEA7A0D19C6280A00684FC6 /* bg-Portrait~ipad.png */ = {isa = PBXFileReference; lastKnownFileType = image.png; name = "bg-Portrait~ipad.png"; path = "images/bg-Portrait~ipad.png"; sourceTree = "<group>"; };
		BFEA7A0E19C6280A00684FC6 /* bg@2x~iphone.png */ = {isa = PBXFileReference; lastKnownFileType = image.png; name = "bg@2x~iphone.png"; path = "images/bg@2x~iphone.png"; sourceTree = "<group>"; };
		BFEA7A0F19C6280A00684FC6 /* bg~iphone.png */ = {isa = PBXFileReference; lastKnownFileType = image.png; name = "bg~iphone.png"; path = "images/bg~iphone.png"; sourceTree = "<group>"; };
		BFEA7A1A19C6291900684FC6 /* logo.png */ = {isa = PBXFileReference; lastKnownFileType = image.png; name = logo.png; path = images/logo.png; sourceTree = "<group>"; };
		BFEA7A1E19C6CFEF00684FC6 /* demo_button.png */ = {isa = PBXFileReference; lastKnownFileType = image.png; name = demo_button.png; path = images/demo_button.png; sourceTree = "<group>"; };
		BFEA7A1F19C6CFEF00684FC6 /* demo_button@2x.png */ = {isa = PBXFileReference; lastKnownFileType = image.png; name = "demo_button@2x.png"; path = "images/demo_button@2x.png"; sourceTree = "<group>"; };
		BFEA7A2019C6CFEF00684FC6 /* logo@2x.png */ = {isa = PBXFileReference; lastKnownFileType = image.png; name = "logo@2x.png"; path = "images/logo@2x.png"; sourceTree = "<group>"; };
/* End PBXFileReference section */

/* Begin PBXFrameworksBuildPhase section */
		B3410D961A7123F600275F00 /* Frameworks */ = {
			isa = PBXFrameworksBuildPhase;
			buildActionMask = 2147483647;
			files = (
			);
			runOnlyForDeploymentPostprocessing = 0;
		};
		BF299E9A1989602500474BE5 /* Frameworks */ = {
			isa = PBXFrameworksBuildPhase;
			buildActionMask = 2147483647;
			files = (
				BFDBD6DB1C1591F000DC3629 /* libKALTURAPlayerSDK.a in Frameworks */,
				B3248E491BCAA2B7005A7C2F /* libz.tbd in Frameworks */,
				B3248E471BCAA2AB005A7C2F /* libSystem.tbd in Frameworks */,
				B3248E451BCAA29B005A7C2F /* libresolv.tbd in Frameworks */,
				B3248E431BCAA284005A7C2F /* libxml2.tbd in Frameworks */,
				B3248E411BCAA153005A7C2F /* libc++.tbd in Frameworks */,
				BF4FEEA51BEB955D00E9033C /* Foundation.framework in Frameworks */,
				BF4FEEA61BEB96B700E9033C /* WebKit.framework in Frameworks */,
				B3CECC2E1BCAC07C00C7043D /* GoogleCast.framework in Frameworks */,
				B3248E3D1BCAA010005A7C2F /* GoogleInteractiveMediaAds.framework in Frameworks */,
				B37A34D81B871579000408C9 /* GoogleMobileAds.framework in Frameworks */,
				B31D104C1BB0087D00D3955B /* StoreKit.framework in Frameworks */,
				B37A34E11B8715F8000408C9 /* EventKit.framework in Frameworks */,
				B37A34E21B8715F8000408C9 /* EventKitUI.framework in Frameworks */,
				B37A34DE1B8715E5000408C9 /* CoreTelephony.framework in Frameworks */,
				B356290C1B846FBC00BBFBF8 /* CoreMedia.framework in Frameworks */,
				B3FA59601B32BD55006FABEC /* AdSupport.framework in Frameworks */,
				B30D92861AF38BC000CCCC30 /* MediaPlayer.framework in Frameworks */,
				B3410D461A6C114400275F00 /* SystemConfiguration.framework in Frameworks */,
				B3410D441A6C113000275F00 /* QuartzCore.framework in Frameworks */,
				B39BEC911A0B77A90085BA26 /* MessageUI.framework in Frameworks */,
				B3410D401A6C10FA00275F00 /* CoreFoundation.framework in Frameworks */,
				B3410D3E1A6C10EB00275F00 /* AVFoundation.framework in Frameworks */,
				B3410D3C1A6C10D700275F00 /* AudioToolbox.framework in Frameworks */,
				B39BEC7F1A0A7F890085BA26 /* Social.framework in Frameworks */,
				BFDF5FD919B33FF600C9F9AC /* MediaAccessibility.framework in Frameworks */,
				BF299EA31989602500474BE5 /* CoreGraphics.framework in Frameworks */,
				BF299EA51989602500474BE5 /* UIKit.framework in Frameworks */,
			);
			runOnlyForDeploymentPostprocessing = 0;
		};
/* End PBXFrameworksBuildPhase section */

/* Begin PBXGroup section */
		B3410D9A1A7123F600275F00 /* KalturaPlayerToolkit Tests */ = {
			isa = PBXGroup;
			children = (
				B3410D9D1A7123F600275F00 /* KalturaPlayerToolkit_Tests.m */,
				B3410D9B1A7123F600275F00 /* Supporting Files */,
			);
			path = "KalturaPlayerToolkit Tests";
			sourceTree = "<group>";
		};
		B3410D9B1A7123F600275F00 /* Supporting Files */ = {
			isa = PBXGroup;
			children = (
				B3410D9C1A7123F600275F00 /* Info.plist */,
			);
			name = "Supporting Files";
			sourceTree = "<group>";
		};
		BF299E941989602400474BE5 = {
			isa = PBXGroup;
			children = (
				BFDBD6CE1C1591DC00DC3629 /* KALTURAPlayerSDK.xcodeproj */,
				BF299EA61989602500474BE5 /* KalturaPlayerToolkit */,
				B3410D9A1A7123F600275F00 /* KalturaPlayerToolkit Tests */,
				BF299E9F1989602500474BE5 /* Frameworks */,
				BF299E9E1989602500474BE5 /* Products */,
			);
			sourceTree = "<group>";
		};
		BF299E9E1989602500474BE5 /* Products */ = {
			isa = PBXGroup;
			children = (
				BF299E9D1989602500474BE5 /* KalturaPlayerToolkit.app */,
				B3410D991A7123F600275F00 /* KalturaPlayerToolkit Tests.xctest */,
			);
			name = Products;
			sourceTree = "<group>";
		};
		BF299E9F1989602500474BE5 /* Frameworks */ = {
			isa = PBXGroup;
			children = (
				B3CECC2D1BCAC07C00C7043D /* GoogleCast.framework */,
				B3248E481BCAA2B7005A7C2F /* libz.tbd */,
				B3248E461BCAA2AB005A7C2F /* libSystem.tbd */,
				B3248E441BCAA29B005A7C2F /* libresolv.tbd */,
				B3248E421BCAA284005A7C2F /* libxml2.tbd */,
				B3248E401BCAA153005A7C2F /* libc++.tbd */,
				B31D104B1BB0087D00D3955B /* StoreKit.framework */,
				B37A34DF1B8715F8000408C9 /* EventKit.framework */,
				B37A34E01B8715F8000408C9 /* EventKitUI.framework */,
				B37A34DD1B8715E5000408C9 /* CoreTelephony.framework */,
				B37A34DB1B87158C000408C9 /* GoogleInteractiveMediaAds.framework */,
				B37A34D71B871579000408C9 /* GoogleMobileAds.framework */,
				B338C60E1B846F4C00407F92 /* MobileCoreServices.framework */,
				B30D92851AF38BC000CCCC30 /* MediaPlayer.framework */,
				B3301D591AB6F07000E9778C /* GoogleCast.framework */,
				B372888E1A84DB340076DD33 /* CoreData.framework */,
				B3410D451A6C114400275F00 /* SystemConfiguration.framework */,
				B3410D431A6C113000275F00 /* QuartzCore.framework */,
				B3410D411A6C111300275F00 /* CoreMedia.framework */,
				B3410D3F1A6C10FA00275F00 /* CoreFoundation.framework */,
				B3410D3D1A6C10EB00275F00 /* AVFoundation.framework */,
				B3410D3B1A6C10D700275F00 /* AudioToolbox.framework */,
				B3410D261A6C0E7900275F00 /* CFNetwork.framework */,
				B39393201A2C59DD00B32686 /* AdSupport.framework */,
				B32A5CE81A27219E0051DC7F /* WebKit.framework */,
				B39BEC901A0B77A90085BA26 /* MessageUI.framework */,
				B39BEC7E1A0A7F890085BA26 /* Social.framework */,
				BFDF5FD819B33FF600C9F9AC /* MediaAccessibility.framework */,
				BF299EA01989602500474BE5 /* Foundation.framework */,
				BF299EA21989602500474BE5 /* CoreGraphics.framework */,
				BF299EA41989602500474BE5 /* UIKit.framework */,
			);
			name = Frameworks;
			sourceTree = "<group>";
		};
		BF299EA61989602500474BE5 /* KalturaPlayerToolkit */ = {
			isa = PBXGroup;
			children = (
				5F2292E41C271A0800A3CB8D /* 0_5zfjxyk3_0_ek1xeib2_2.mp4 */,
				B3248E3E1BCAA04C005A7C2F /* KalturaPlayerToolkit.entitlements */,
				BF299EAF1989602500474BE5 /* KPTAppDelegate.h */,
				BF299EB01989602500474BE5 /* KPTAppDelegate.m */,
				BF299EB21989602500474BE5 /* Main_iPhone.storyboard */,
				BF299EB51989602500474BE5 /* Main_iPad.storyboard */,
				BFC574AC19980ED8000511B8 /* KPTURLEnterViewController.h */,
				BFC574AD19980ED8000511B8 /* KPTURLEnterViewController.m */,
				BF299EB81989602500474BE5 /* KPTViewController.h */,
				BF299EB91989602500474BE5 /* KPTViewController.m */,
				5F64F4C41C30085F00BF6642 /* KPTAudioSelect.h */,
				5F64F4C51C30085F00BF6642 /* KPTAudioSelect.m */,
				5F64F4C91C300BDB00BF6642 /* KPTAudioPlayerViewController.h */,
				5F64F4CA1C300BDB00BF6642 /* KPTAudioPlayerViewController.m */,
				5F64F4CC1C3020FF00BF6642 /* KPTRequestBuilder.h */,
				5F64F4CD1C3020FF00BF6642 /* KPTRequestBuilder.m */,
				5FF325031C318A32003446A1 /* KPTAudioPlayerViewController.h */,
				5FF325041C318A32003446A1 /* KPTAudioPlayerViewController.m */,
				5FF325051C318A32003446A1 /* KPTAudioSelect.h */,
				5FF325061C318A32003446A1 /* KPTAudioSelect.m */,
				5FF325071C318A32003446A1 /* KPTRequestBuilder.h */,
				5FF325081C318A32003446A1 /* KPTRequestBuilder.m */,
				BF299EBB1989602500474BE5 /* Images.xcassets */,
				BFEA7A1919C6281400684FC6 /* images */,
				BF299EA71989602500474BE5 /* Supporting Files */,
			);
			path = KalturaPlayerToolkit;
			sourceTree = "<group>";
		};
		BF299EA71989602500474BE5 /* Supporting Files */ = {
			isa = PBXGroup;
			children = (
				BF299EA81989602500474BE5 /* KalturaPlayerToolkit-Info.plist */,
				BF299EA91989602500474BE5 /* InfoPlist.strings */,
				BF299EAC1989602500474BE5 /* main.m */,
				BF299EAE1989602500474BE5 /* KalturaPlayerToolkit-Prefix.pch */,
			);
			name = "Supporting Files";
			sourceTree = "<group>";
		};
		BFDBD6CF1C1591DC00DC3629 /* Products */ = {
			isa = PBXGroup;
			children = (
				BFDBD6D61C1591DC00DC3629 /* libKALTURAPlayerSDK.a */,
				BFDBD6D81C1591DC00DC3629 /* KALTURAPlayerSDKResources.bundle */,
			);
			name = Products;
			sourceTree = "<group>";
		};
		BFEA7A1919C6281400684FC6 /* images */ = {
			isa = PBXGroup;
			children = (
				BFEA7A1E19C6CFEF00684FC6 /* demo_button.png */,
				BFEA7A1F19C6CFEF00684FC6 /* demo_button@2x.png */,
				BFEA7A2019C6CFEF00684FC6 /* logo@2x.png */,
				BFEA7A1A19C6291900684FC6 /* logo.png */,
				BFEA7A0819C6280A00684FC6 /* bg-568h@2x~iphone.png */,
				BFEA7A0C19C6280A00684FC6 /* bg-Portrait@2x~ipad.png */,
				BFEA7A0D19C6280A00684FC6 /* bg-Portrait~ipad.png */,
				BFEA7A0E19C6280A00684FC6 /* bg@2x~iphone.png */,
				BFEA7A0F19C6280A00684FC6 /* bg~iphone.png */,
			);
			name = images;
			sourceTree = "<group>";
		};
/* End PBXGroup section */

/* Begin PBXNativeTarget section */
		B3410D981A7123F600275F00 /* KalturaPlayerToolkit Tests */ = {
			isa = PBXNativeTarget;
			buildConfigurationList = B3410DA11A7123F600275F00 /* Build configuration list for PBXNativeTarget "KalturaPlayerToolkit Tests" */;
			buildPhases = (
				B3410D951A7123F600275F00 /* Sources */,
				B3410D961A7123F600275F00 /* Frameworks */,
				B3410D971A7123F600275F00 /* Resources */,
			);
			buildRules = (
			);
			dependencies = (
				B3410DA01A7123F600275F00 /* PBXTargetDependency */,
			);
			name = "KalturaPlayerToolkit Tests";
			productName = "KalturaPlayerToolkit Tests";
			productReference = B3410D991A7123F600275F00 /* KalturaPlayerToolkit Tests.xctest */;
			productType = "com.apple.product-type.bundle.unit-test";
		};
		BF299E9C1989602500474BE5 /* KalturaPlayerToolkit */ = {
			isa = PBXNativeTarget;
			buildConfigurationList = BF299ED21989602500474BE5 /* Build configuration list for PBXNativeTarget "KalturaPlayerToolkit" */;
			buildPhases = (
				BF299E991989602500474BE5 /* Sources */,
				BF299E9A1989602500474BE5 /* Frameworks */,
				BF299E9B1989602500474BE5 /* Resources */,
			);
			buildRules = (
			);
			dependencies = (
				5F2292EB1C271B8300A3CB8D /* PBXTargetDependency */,
				BFDBD6DA1C1591E900DC3629 /* PBXTargetDependency */,
			);
			name = KalturaPlayerToolkit;
			productName = KalturaPlayerToolkit;
			productReference = BF299E9D1989602500474BE5 /* KalturaPlayerToolkit.app */;
			productType = "com.apple.product-type.application";
		};
/* End PBXNativeTarget section */

/* Begin PBXProject section */
		BF299E951989602400474BE5 /* Project object */ = {
			isa = PBXProject;
			attributes = {
				CLASSPREFIX = KPT;
				LastUpgradeCheck = 0630;
				ORGANIZATIONNAME = Kaltura;
				TargetAttributes = {
					B3410D981A7123F600275F00 = {
						CreatedOnToolsVersion = 6.1.1;
						DevelopmentTeam = BT5J4WV2RB;
						TestTargetID = BF299E9C1989602500474BE5;
					};
					BF299E9C1989602500474BE5 = {
						DevelopmentTeam = X8RDCFJK95;
						SystemCapabilities = {
							com.apple.InAppPurchase = {
								enabled = 0;
							};
							com.apple.SafariKeychain = {
								enabled = 1;
							};
						};
					};
				};
			};
			buildConfigurationList = BF299E981989602400474BE5 /* Build configuration list for PBXProject "KalturaPlayerToolkit" */;
			compatibilityVersion = "Xcode 3.2";
			developmentRegion = English;
			hasScannedForEncodings = 0;
			knownRegions = (
				en,
				Base,
			);
			mainGroup = BF299E941989602400474BE5;
			productRefGroup = BF299E9E1989602500474BE5 /* Products */;
			projectDirPath = "";
			projectReferences = (
				{
					ProductGroup = BFDBD6CF1C1591DC00DC3629 /* Products */;
					ProjectRef = BFDBD6CE1C1591DC00DC3629 /* KALTURAPlayerSDK.xcodeproj */;
				},
			);
			projectRoot = "";
			targets = (
				BF299E9C1989602500474BE5 /* KalturaPlayerToolkit */,
				B3410D981A7123F600275F00 /* KalturaPlayerToolkit Tests */,
			);
		};
/* End PBXProject section */

/* Begin PBXReferenceProxy section */
		BFDBD6D61C1591DC00DC3629 /* libKALTURAPlayerSDK.a */ = {
			isa = PBXReferenceProxy;
			fileType = archive.ar;
			path = libKALTURAPlayerSDK.a;
			remoteRef = BFDBD6D51C1591DC00DC3629 /* PBXContainerItemProxy */;
			sourceTree = BUILT_PRODUCTS_DIR;
		};
		BFDBD6D81C1591DC00DC3629 /* KALTURAPlayerSDKResources.bundle */ = {
			isa = PBXReferenceProxy;
			fileType = wrapper.cfbundle;
			path = KALTURAPlayerSDKResources.bundle;
			remoteRef = BFDBD6D71C1591DC00DC3629 /* PBXContainerItemProxy */;
			sourceTree = BUILT_PRODUCTS_DIR;
		};
/* End PBXReferenceProxy section */

/* Begin PBXResourcesBuildPhase section */
		B3410D971A7123F600275F00 /* Resources */ = {
			isa = PBXResourcesBuildPhase;
			buildActionMask = 2147483647;
			files = (
			);
			runOnlyForDeploymentPostprocessing = 0;
		};
		BF299E9B1989602500474BE5 /* Resources */ = {
			isa = PBXResourcesBuildPhase;
			buildActionMask = 2147483647;
			files = (
				5F60F1FD1C2722200079D752 /* KALTURAPlayerSDKResources.bundle in Resources */,
				BFEA7A1B19C6291900684FC6 /* logo.png in Resources */,
				BFEA7A1519C6280A00684FC6 /* bg-Portrait~ipad.png in Resources */,
				BFEA7A1719C6280A00684FC6 /* bg~iphone.png in Resources */,
				BF299EB71989602500474BE5 /* Main_iPad.storyboard in Resources */,
				BF299EBC1989602500474BE5 /* Images.xcassets in Resources */,
				BFEA7A1419C6280A00684FC6 /* bg-Portrait@2x~ipad.png in Resources */,
				BFEA7A1619C6280A00684FC6 /* bg@2x~iphone.png in Resources */,
				5F2292E51C271A0800A3CB8D /* 0_5zfjxyk3_0_ek1xeib2_2.mp4 in Resources */,
				BFEA7A2319C6CFEF00684FC6 /* logo@2x.png in Resources */,
				BF299EB41989602500474BE5 /* Main_iPhone.storyboard in Resources */,
				BFEA7A2119C6CFEF00684FC6 /* demo_button.png in Resources */,
				BFEA7A2219C6CFEF00684FC6 /* demo_button@2x.png in Resources */,
				BF299EAB1989602500474BE5 /* InfoPlist.strings in Resources */,
				BFEA7A1019C6280A00684FC6 /* bg-568h@2x~iphone.png in Resources */,
			);
			runOnlyForDeploymentPostprocessing = 0;
		};
/* End PBXResourcesBuildPhase section */

/* Begin PBXSourcesBuildPhase section */
		B3410D951A7123F600275F00 /* Sources */ = {
			isa = PBXSourcesBuildPhase;
			buildActionMask = 2147483647;
			files = (
				B3410D9E1A7123F600275F00 /* KalturaPlayerToolkit_Tests.m in Sources */,
			);
			runOnlyForDeploymentPostprocessing = 0;
		};
		BF299E991989602500474BE5 /* Sources */ = {
			isa = PBXSourcesBuildPhase;
			buildActionMask = 2147483647;
			files = (
				5F64F4CE1C3020FF00BF6642 /* KPTRequestBuilder.m in Sources */,
				BF299EBA1989602500474BE5 /* KPTViewController.m in Sources */,
				5F64F4C61C30085F00BF6642 /* KPTAudioSelect.m in Sources */,
				5FF3250B1C318A32003446A1 /* KPTRequestBuilder.m in Sources */,
				5F64F4CB1C300BDB00BF6642 /* KPTAudioPlayerViewController.m in Sources */,
				5FF3250A1C318A32003446A1 /* KPTAudioSelect.m in Sources */,
				BFC574AE19980ED8000511B8 /* KPTURLEnterViewController.m in Sources */,
				BF299EB11989602500474BE5 /* KPTAppDelegate.m in Sources */,
				5FF325091C318A32003446A1 /* KPTAudioPlayerViewController.m in Sources */,
				BF299EAD1989602500474BE5 /* main.m in Sources */,
			);
			runOnlyForDeploymentPostprocessing = 0;
		};
/* End PBXSourcesBuildPhase section */

/* Begin PBXTargetDependency section */
		5F2292EB1C271B8300A3CB8D /* PBXTargetDependency */ = {
			isa = PBXTargetDependency;
			name = KALTURAPlayerSDKResources;
			targetProxy = 5F2292EA1C271B8300A3CB8D /* PBXContainerItemProxy */;
		};
		B3410DA01A7123F600275F00 /* PBXTargetDependency */ = {
			isa = PBXTargetDependency;
			target = BF299E9C1989602500474BE5 /* KalturaPlayerToolkit */;
			targetProxy = B3410D9F1A7123F600275F00 /* PBXContainerItemProxy */;
		};
		BFDBD6DA1C1591E900DC3629 /* PBXTargetDependency */ = {
			isa = PBXTargetDependency;
			name = KALTURAPlayerSDK;
			targetProxy = BFDBD6D91C1591E900DC3629 /* PBXContainerItemProxy */;
		};
/* End PBXTargetDependency section */

/* Begin PBXVariantGroup section */
		BF299EA91989602500474BE5 /* InfoPlist.strings */ = {
			isa = PBXVariantGroup;
			children = (
				BF299EAA1989602500474BE5 /* en */,
			);
			name = InfoPlist.strings;
			sourceTree = "<group>";
		};
		BF299EB21989602500474BE5 /* Main_iPhone.storyboard */ = {
			isa = PBXVariantGroup;
			children = (
				BF299EB31989602500474BE5 /* Base */,
			);
			name = Main_iPhone.storyboard;
			sourceTree = "<group>";
		};
		BF299EB51989602500474BE5 /* Main_iPad.storyboard */ = {
			isa = PBXVariantGroup;
			children = (
				BF299EB61989602500474BE5 /* Base */,
			);
			name = Main_iPad.storyboard;
			sourceTree = "<group>";
		};
/* End PBXVariantGroup section */

/* Begin XCBuildConfiguration section */
		B3410DA21A7123F600275F00 /* Debug */ = {
			isa = XCBuildConfiguration;
			buildSettings = {
				BUNDLE_LOADER = "$(TEST_HOST)";
				CLANG_WARN_UNREACHABLE_CODE = YES;
				CODE_SIGN_IDENTITY = "iPhone Developer";
				"CODE_SIGN_IDENTITY[sdk=iphoneos*]" = "iPhone Developer";
				ENABLE_STRICT_OBJC_MSGSEND = YES;
				FRAMEWORK_SEARCH_PATHS = (
					"./**",
					"$(SDKROOT)/Developer/Library/Frameworks",
				);
				GCC_PREPROCESSOR_DEFINITIONS = (
					"DEBUG=1",
					"$(inherited)",
				);
				INFOPLIST_FILE = "KalturaPlayerToolkit Tests/Info.plist";
				IPHONEOS_DEPLOYMENT_TARGET = 8.1;
				LD_RUNPATH_SEARCH_PATHS = "$(inherited) @executable_path/Frameworks @loader_path/Frameworks";
				MTL_ENABLE_DEBUG_INFO = YES;
				ONLY_ACTIVE_ARCH = YES;
				PRODUCT_NAME = "$(TARGET_NAME)";
				PROVISIONING_PROFILE = "";
				TEST_HOST = "$(BUILT_PRODUCTS_DIR)/KalturaPlayerToolkit.app/KalturaPlayerToolkit";
			};
			name = Debug;
		};
		B3410DA31A7123F600275F00 /* Release */ = {
			isa = XCBuildConfiguration;
			buildSettings = {
				BUNDLE_LOADER = "$(TEST_HOST)";
				CLANG_WARN_UNREACHABLE_CODE = YES;
				CODE_SIGN_IDENTITY = "iPhone Developer";
				"CODE_SIGN_IDENTITY[sdk=iphoneos*]" = "iPhone Developer";
				ENABLE_STRICT_OBJC_MSGSEND = YES;
				FRAMEWORK_SEARCH_PATHS = (
					"./**",
					"$(SDKROOT)/Developer/Library/Frameworks",
				);
				INFOPLIST_FILE = "KalturaPlayerToolkit Tests/Info.plist";
				IPHONEOS_DEPLOYMENT_TARGET = 8.1;
				LD_RUNPATH_SEARCH_PATHS = "$(inherited) @executable_path/Frameworks @loader_path/Frameworks";
				MTL_ENABLE_DEBUG_INFO = NO;
				PRODUCT_NAME = "$(TARGET_NAME)";
				PROVISIONING_PROFILE = "";
				TEST_HOST = "$(BUILT_PRODUCTS_DIR)/KalturaPlayerToolkit.app/KalturaPlayerToolkit";
			};
			name = Release;
		};
		BF299ED01989602500474BE5 /* Debug */ = {
			isa = XCBuildConfiguration;
			buildSettings = {
				ALWAYS_SEARCH_USER_PATHS = NO;
				CLANG_CXX_LANGUAGE_STANDARD = "gnu++0x";
				CLANG_CXX_LIBRARY = "libc++";
				CLANG_ENABLE_MODULES = YES;
				CLANG_ENABLE_OBJC_ARC = YES;
				CLANG_WARN_BOOL_CONVERSION = YES;
				CLANG_WARN_CONSTANT_CONVERSION = YES;
				CLANG_WARN_DIRECT_OBJC_ISA_USAGE = YES_ERROR;
				CLANG_WARN_EMPTY_BODY = YES;
				CLANG_WARN_ENUM_CONVERSION = YES;
				CLANG_WARN_INT_CONVERSION = YES;
				CLANG_WARN_OBJC_ROOT_CLASS = YES_ERROR;
				CLANG_WARN__DUPLICATE_METHOD_MATCH = YES;
				CODE_SIGN_IDENTITY = "iPhone Developer";
				"CODE_SIGN_IDENTITY[sdk=iphoneos*]" = "iPhone Developer";
				COPY_PHASE_STRIP = NO;
				ENABLE_BITCODE = NO;
				GCC_C_LANGUAGE_STANDARD = gnu99;
				GCC_DYNAMIC_NO_PIC = NO;
				GCC_OPTIMIZATION_LEVEL = 0;
				GCC_PREPROCESSOR_DEFINITIONS = (
					"DEBUG=1",
					"$(inherited)",
				);
				GCC_SYMBOLS_PRIVATE_EXTERN = NO;
				GCC_WARN_64_TO_32_BIT_CONVERSION = YES;
				GCC_WARN_ABOUT_RETURN_TYPE = YES_ERROR;
				GCC_WARN_UNDECLARED_SELECTOR = YES;
				GCC_WARN_UNINITIALIZED_AUTOS = YES_AGGRESSIVE;
				GCC_WARN_UNUSED_FUNCTION = YES;
				GCC_WARN_UNUSED_VARIABLE = YES;
				IPHONEOS_DEPLOYMENT_TARGET = 6.0;
				ONLY_ACTIVE_ARCH = YES;
				PROVISIONING_PROFILE = "";
				SDKROOT = iphoneos;
				TARGETED_DEVICE_FAMILY = "1,2";
			};
			name = Debug;
		};
		BF299ED11989602500474BE5 /* Release */ = {
			isa = XCBuildConfiguration;
			buildSettings = {
				ALWAYS_SEARCH_USER_PATHS = NO;
				CLANG_CXX_LANGUAGE_STANDARD = "gnu++0x";
				CLANG_CXX_LIBRARY = "libc++";
				CLANG_ENABLE_MODULES = YES;
				CLANG_ENABLE_OBJC_ARC = YES;
				CLANG_WARN_BOOL_CONVERSION = YES;
				CLANG_WARN_CONSTANT_CONVERSION = YES;
				CLANG_WARN_DIRECT_OBJC_ISA_USAGE = YES_ERROR;
				CLANG_WARN_EMPTY_BODY = YES;
				CLANG_WARN_ENUM_CONVERSION = YES;
				CLANG_WARN_INT_CONVERSION = YES;
				CLANG_WARN_OBJC_ROOT_CLASS = YES_ERROR;
				CLANG_WARN__DUPLICATE_METHOD_MATCH = YES;
				CODE_SIGN_IDENTITY = "iPhone Distribution";
				"CODE_SIGN_IDENTITY[sdk=iphoneos*]" = "iPhone Distribution";
				COPY_PHASE_STRIP = YES;
				ENABLE_BITCODE = NO;
				ENABLE_NS_ASSERTIONS = NO;
				GCC_C_LANGUAGE_STANDARD = gnu99;
				GCC_WARN_64_TO_32_BIT_CONVERSION = YES;
				GCC_WARN_ABOUT_RETURN_TYPE = YES_ERROR;
				GCC_WARN_UNDECLARED_SELECTOR = YES;
				GCC_WARN_UNINITIALIZED_AUTOS = YES_AGGRESSIVE;
				GCC_WARN_UNUSED_FUNCTION = YES;
				GCC_WARN_UNUSED_VARIABLE = YES;
				IPHONEOS_DEPLOYMENT_TARGET = 6.0;
				PROVISIONING_PROFILE = "";
				SDKROOT = iphoneos;
				TARGETED_DEVICE_FAMILY = "1,2";
				VALIDATE_PRODUCT = YES;
			};
			name = Release;
		};
		BF299ED31989602500474BE5 /* Debug */ = {
			isa = XCBuildConfiguration;
			buildSettings = {
				ALWAYS_SEARCH_USER_PATHS = NO;
				ASSETCATALOG_COMPILER_APPICON_NAME = AppIcon;
				ASSETCATALOG_COMPILER_LAUNCHIMAGE_NAME = LaunchImage;
				CODE_SIGN_ENTITLEMENTS = KalturaPlayerToolkit/KalturaPlayerToolkit.entitlements;
				CODE_SIGN_IDENTITY = "iPhone Developer";
				"CODE_SIGN_IDENTITY[sdk=iphoneos*]" = "iPhone Developer";
				ENABLE_BITCODE = NO;
				FRAMEWORK_SEARCH_PATHS = (
					"$(inherited)",
					"$(PROJECT_DIR)",
				);
				GCC_PRECOMPILE_PREFIX_HEADER = YES;
				GCC_PREFIX_HEADER = "KalturaPlayerToolkit/KalturaPlayerToolkit-Prefix.pch";
				INFOPLIST_FILE = "KalturaPlayerToolkit/KalturaPlayerToolkit-Info.plist";
				IPHONEOS_DEPLOYMENT_TARGET = 7.0;
				LIBRARY_SEARCH_PATHS = (
					"$(inherited)",
					"$(PROJECT_DIR)",
				);
				ONLY_ACTIVE_ARCH = NO;
				OTHER_LDFLAGS = (
					"-ObjC",
					"-all_load",
				);
				PRODUCT_NAME = "$(TARGET_NAME)";
				PROVISIONING_PROFILE = "";
				SDKROOT = iphoneos;
				WRAPPER_EXTENSION = app;
			};
			name = Debug;
		};
		BF299ED41989602500474BE5 /* Release */ = {
			isa = XCBuildConfiguration;
			buildSettings = {
				ALWAYS_SEARCH_USER_PATHS = NO;
				ASSETCATALOG_COMPILER_APPICON_NAME = AppIcon;
				ASSETCATALOG_COMPILER_LAUNCHIMAGE_NAME = LaunchImage;
				CODE_SIGN_ENTITLEMENTS = KalturaPlayerToolkit/KalturaPlayerToolkit.entitlements;
				CODE_SIGN_IDENTITY = "iPhone Developer";
				"CODE_SIGN_IDENTITY[sdk=iphoneos*]" = "iPhone Developer";
				ENABLE_BITCODE = NO;
				FRAMEWORK_SEARCH_PATHS = (
					"$(inherited)",
					"$(PROJECT_DIR)",
				);
				GCC_PRECOMPILE_PREFIX_HEADER = YES;
				GCC_PREFIX_HEADER = "KalturaPlayerToolkit/KalturaPlayerToolkit-Prefix.pch";
				INFOPLIST_FILE = "KalturaPlayerToolkit/KalturaPlayerToolkit-Info.plist";
				IPHONEOS_DEPLOYMENT_TARGET = 7.0;
				LIBRARY_SEARCH_PATHS = (
					"$(inherited)",
					"$(PROJECT_DIR)",
				);
				OTHER_LDFLAGS = (
					"-ObjC",
					"-all_load",
				);
				PRODUCT_NAME = "$(TARGET_NAME)";
				PROVISIONING_PROFILE = "";
				SDKROOT = iphoneos;
				WRAPPER_EXTENSION = app;
			};
			name = Release;
		};
/* End XCBuildConfiguration section */

/* Begin XCConfigurationList section */
		B3410DA11A7123F600275F00 /* Build configuration list for PBXNativeTarget "KalturaPlayerToolkit Tests" */ = {
			isa = XCConfigurationList;
			buildConfigurations = (
				B3410DA21A7123F600275F00 /* Debug */,
				B3410DA31A7123F600275F00 /* Release */,
			);
			defaultConfigurationIsVisible = 0;
			defaultConfigurationName = Release;
		};
		BF299E981989602400474BE5 /* Build configuration list for PBXProject "KalturaPlayerToolkit" */ = {
			isa = XCConfigurationList;
			buildConfigurations = (
				BF299ED01989602500474BE5 /* Debug */,
				BF299ED11989602500474BE5 /* Release */,
			);
			defaultConfigurationIsVisible = 0;
			defaultConfigurationName = Release;
		};
		BF299ED21989602500474BE5 /* Build configuration list for PBXNativeTarget "KalturaPlayerToolkit" */ = {
			isa = XCConfigurationList;
			buildConfigurations = (
				BF299ED31989602500474BE5 /* Debug */,
				BF299ED41989602500474BE5 /* Release */,
			);
			defaultConfigurationIsVisible = 0;
			defaultConfigurationName = Release;
		};
/* End XCConfigurationList section */
	};
	rootObject = BF299E951989602400474BE5 /* Project object */;
}
